// !$*UTF8*$!
{
	archiveVersion = 1;
	classes = {
	};
	objectVersion = 56;
	objects = {

/* Begin PBXBuildFile section */
		34A763D129F9DC0D00AB3FD4 /* UIImageView+Extension.swift in Sources */ = {isa = PBXBuildFile; fileRef = 34A763D029F9DC0D00AB3FD4 /* UIImageView+Extension.swift */; };
		34A763D429F9E30200AB3FD4 /* DessertDetailViewController.swift in Sources */ = {isa = PBXBuildFile; fileRef = 34A763D329F9E30200AB3FD4 /* DessertDetailViewController.swift */; };
		34A763D629F9E58B00AB3FD4 /* DessertDetailView.swift in Sources */ = {isa = PBXBuildFile; fileRef = 34A763D529F9E58B00AB3FD4 /* DessertDetailView.swift */; };
		34A763D829F9F95800AB3FD4 /* SegmentCollectionViewCell.swift in Sources */ = {isa = PBXBuildFile; fileRef = 34A763D729F9F95800AB3FD4 /* SegmentCollectionViewCell.swift */; };
		34A763DA29FA009D00AB3FD4 /* MealDetail.swift in Sources */ = {isa = PBXBuildFile; fileRef = 34A763D929FA009D00AB3FD4 /* MealDetail.swift */; };
		34A763DC29FA049100AB3FD4 /* DessertDetailViewViewModel.swift in Sources */ = {isa = PBXBuildFile; fileRef = 34A763DB29FA049100AB3FD4 /* DessertDetailViewViewModel.swift */; };
		34A763DE29FA24C000AB3FD4 /* IngredientTableViewCell.swift in Sources */ = {isa = PBXBuildFile; fileRef = 34A763DD29FA24C000AB3FD4 /* IngredientTableViewCell.swift */; };
		34A763E129FA2C3600AB3FD4 /* SelfSizingTableView.swift in Sources */ = {isa = PBXBuildFile; fileRef = 34A763E029FA2C3600AB3FD4 /* SelfSizingTableView.swift */; };
		34A763E329FA2EDE00AB3FD4 /* DessertsView.swift in Sources */ = {isa = PBXBuildFile; fileRef = 34A763E229FA2EDE00AB3FD4 /* DessertsView.swift */; };
		34A763E829FACCC900AB3FD4 /* UIImage+Extension.swift in Sources */ = {isa = PBXBuildFile; fileRef = 34A763E729FACCC900AB3FD4 /* UIImage+Extension.swift */; };
		34A763EA29FACDD900AB3FD4 /* CustomLabel.swift in Sources */ = {isa = PBXBuildFile; fileRef = 34A763E929FACDD900AB3FD4 /* CustomLabel.swift */; };
		34A763EC29FAE78100AB3FD4 /* DessertsCollectionViewManager.swift in Sources */ = {isa = PBXBuildFile; fileRef = 34A763EB29FAE78100AB3FD4 /* DessertsCollectionViewManager.swift */; };
		34A763EE29FAF58C00AB3FD4 /* IngredientsTableViewManager.swift in Sources */ = {isa = PBXBuildFile; fileRef = 34A763ED29FAF58C00AB3FD4 /* IngredientsTableViewManager.swift */; };
		34A763F329FAFC2800AB3FD4 /* TypesCollectionViewManager.swift in Sources */ = {isa = PBXBuildFile; fileRef = 34A763F229FAFC2800AB3FD4 /* TypesCollectionViewManager.swift */; };
		34B364FD29F9B0F800060FD7 /* AppDelegate.swift in Sources */ = {isa = PBXBuildFile; fileRef = 34B364FC29F9B0F800060FD7 /* AppDelegate.swift */; };
		34B364FF29F9B0F800060FD7 /* SceneDelegate.swift in Sources */ = {isa = PBXBuildFile; fileRef = 34B364FE29F9B0F800060FD7 /* SceneDelegate.swift */; };
		34B3650129F9B0F800060FD7 /* DessertsViewController.swift in Sources */ = {isa = PBXBuildFile; fileRef = 34B3650029F9B0F800060FD7 /* DessertsViewController.swift */; };
		34B3650629F9B0FC00060FD7 /* Assets.xcassets in Resources */ = {isa = PBXBuildFile; fileRef = 34B3650529F9B0FC00060FD7 /* Assets.xcassets */; };
		34B3650929F9B0FC00060FD7 /* LaunchScreen.storyboard in Resources */ = {isa = PBXBuildFile; fileRef = 34B3650729F9B0FC00060FD7 /* LaunchScreen.storyboard */; };
		34B3651429F9B47100060FD7 /* BaseRouter.swift in Sources */ = {isa = PBXBuildFile; fileRef = 34B3651329F9B47100060FD7 /* BaseRouter.swift */; };
		34B3651729F9B4E300060FD7 /* HttpMethod.swift in Sources */ = {isa = PBXBuildFile; fileRef = 34B3651629F9B4E300060FD7 /* HttpMethod.swift */; };
		34B3651929F9B51E00060FD7 /* HttpHeader.swift in Sources */ = {isa = PBXBuildFile; fileRef = 34B3651829F9B51E00060FD7 /* HttpHeader.swift */; };
		34B3651C29F9BADE00060FD7 /* MealsRouter.swift in Sources */ = {isa = PBXBuildFile; fileRef = 34B3651B29F9BADE00060FD7 /* MealsRouter.swift */; };
		34B3651F29F9BBA100060FD7 /* MealCategory.swift in Sources */ = {isa = PBXBuildFile; fileRef = 34B3651E29F9BBA100060FD7 /* MealCategory.swift */; };
		34B3652129F9BD8200060FD7 /* NetworkService.swift in Sources */ = {isa = PBXBuildFile; fileRef = 34B3652029F9BD8200060FD7 /* NetworkService.swift */; };
		34B3652329F9BF2500060FD7 /* NetworkErrors.swift in Sources */ = {isa = PBXBuildFile; fileRef = 34B3652229F9BF2500060FD7 /* NetworkErrors.swift */; };
		34B3652729F9C4BD00060FD7 /* DessertCollectionViewCell.swift in Sources */ = {isa = PBXBuildFile; fileRef = 34B3652629F9C4BD00060FD7 /* DessertCollectionViewCell.swift */; };
		34B3652A29F9C51200060FD7 /* NSObject+Extension .swift in Sources */ = {isa = PBXBuildFile; fileRef = 34B3652929F9C51200060FD7 /* NSObject+Extension .swift */; };
		34B3652E29F9C5BF00060FD7 /* UIView+Extension.swift in Sources */ = {isa = PBXBuildFile; fileRef = 34B3652D29F9C5BF00060FD7 /* UIView+Extension.swift */; };
		34B3653029F9D29F00060FD7 /* DessertsViewViewModel.swift in Sources */ = {isa = PBXBuildFile; fileRef = 34B3652F29F9D29F00060FD7 /* DessertsViewViewModel.swift */; };
		34B3653229F9D36C00060FD7 /* Meal .swift in Sources */ = {isa = PBXBuildFile; fileRef = 34B3653129F9D36C00060FD7 /* Meal .swift */; };
/* End PBXBuildFile section */

/* Begin PBXFileReference section */
		34A763D029F9DC0D00AB3FD4 /* UIImageView+Extension.swift */ = {isa = PBXFileReference; lastKnownFileType = sourcecode.swift; path = "UIImageView+Extension.swift"; sourceTree = "<group>"; };
		34A763D329F9E30200AB3FD4 /* DessertDetailViewController.swift */ = {isa = PBXFileReference; lastKnownFileType = sourcecode.swift; path = DessertDetailViewController.swift; sourceTree = "<group>"; };
		34A763D529F9E58B00AB3FD4 /* DessertDetailView.swift */ = {isa = PBXFileReference; lastKnownFileType = sourcecode.swift; path = DessertDetailView.swift; sourceTree = "<group>"; };
		34A763D729F9F95800AB3FD4 /* SegmentCollectionViewCell.swift */ = {isa = PBXFileReference; lastKnownFileType = sourcecode.swift; path = SegmentCollectionViewCell.swift; sourceTree = "<group>"; };
		34A763D929FA009D00AB3FD4 /* MealDetail.swift */ = {isa = PBXFileReference; lastKnownFileType = sourcecode.swift; path = MealDetail.swift; sourceTree = "<group>"; };
		34A763DB29FA049100AB3FD4 /* DessertDetailViewViewModel.swift */ = {isa = PBXFileReference; lastKnownFileType = sourcecode.swift; path = DessertDetailViewViewModel.swift; sourceTree = "<group>"; };
		34A763DD29FA24C000AB3FD4 /* IngredientTableViewCell.swift */ = {isa = PBXFileReference; lastKnownFileType = sourcecode.swift; path = IngredientTableViewCell.swift; sourceTree = "<group>"; };
		34A763E029FA2C3600AB3FD4 /* SelfSizingTableView.swift */ = {isa = PBXFileReference; lastKnownFileType = sourcecode.swift; path = SelfSizingTableView.swift; sourceTree = "<group>"; };
		34A763E229FA2EDE00AB3FD4 /* DessertsView.swift */ = {isa = PBXFileReference; lastKnownFileType = sourcecode.swift; path = DessertsView.swift; sourceTree = "<group>"; };
		34A763E729FACCC900AB3FD4 /* UIImage+Extension.swift */ = {isa = PBXFileReference; lastKnownFileType = sourcecode.swift; path = "UIImage+Extension.swift"; sourceTree = "<group>"; };
		34A763E929FACDD900AB3FD4 /* CustomLabel.swift */ = {isa = PBXFileReference; lastKnownFileType = sourcecode.swift; path = CustomLabel.swift; sourceTree = "<group>"; };
		34A763EB29FAE78100AB3FD4 /* DessertsCollectionViewManager.swift */ = {isa = PBXFileReference; lastKnownFileType = sourcecode.swift; path = DessertsCollectionViewManager.swift; sourceTree = "<group>"; };
		34A763ED29FAF58C00AB3FD4 /* IngredientsTableViewManager.swift */ = {isa = PBXFileReference; lastKnownFileType = sourcecode.swift; path = IngredientsTableViewManager.swift; sourceTree = "<group>"; };
		34A763F229FAFC2800AB3FD4 /* TypesCollectionViewManager.swift */ = {isa = PBXFileReference; lastKnownFileType = sourcecode.swift; path = TypesCollectionViewManager.swift; sourceTree = "<group>"; };
		34B364F929F9B0F800060FD7 /* FetchTestAssignment.app */ = {isa = PBXFileReference; explicitFileType = wrapper.application; includeInIndex = 0; path = FetchTestAssignment.app; sourceTree = BUILT_PRODUCTS_DIR; };
		34B364FC29F9B0F800060FD7 /* AppDelegate.swift */ = {isa = PBXFileReference; lastKnownFileType = sourcecode.swift; path = AppDelegate.swift; sourceTree = "<group>"; };
		34B364FE29F9B0F800060FD7 /* SceneDelegate.swift */ = {isa = PBXFileReference; lastKnownFileType = sourcecode.swift; path = SceneDelegate.swift; sourceTree = "<group>"; };
		34B3650029F9B0F800060FD7 /* DessertsViewController.swift */ = {isa = PBXFileReference; lastKnownFileType = sourcecode.swift; path = DessertsViewController.swift; sourceTree = "<group>"; };
		34B3650529F9B0FC00060FD7 /* Assets.xcassets */ = {isa = PBXFileReference; lastKnownFileType = folder.assetcatalog; path = Assets.xcassets; sourceTree = "<group>"; };
		34B3650829F9B0FC00060FD7 /* Base */ = {isa = PBXFileReference; lastKnownFileType = file.storyboard; name = Base; path = Base.lproj/LaunchScreen.storyboard; sourceTree = "<group>"; };
		34B3650A29F9B0FC00060FD7 /* Info.plist */ = {isa = PBXFileReference; lastKnownFileType = text.plist.xml; path = Info.plist; sourceTree = "<group>"; };
		34B3651329F9B47100060FD7 /* BaseRouter.swift */ = {isa = PBXFileReference; lastKnownFileType = sourcecode.swift; path = BaseRouter.swift; sourceTree = "<group>"; };
		34B3651629F9B4E300060FD7 /* HttpMethod.swift */ = {isa = PBXFileReference; lastKnownFileType = sourcecode.swift; path = HttpMethod.swift; sourceTree = "<group>"; };
		34B3651829F9B51E00060FD7 /* HttpHeader.swift */ = {isa = PBXFileReference; lastKnownFileType = sourcecode.swift; path = HttpHeader.swift; sourceTree = "<group>"; };
		34B3651B29F9BADE00060FD7 /* MealsRouter.swift */ = {isa = PBXFileReference; lastKnownFileType = sourcecode.swift; path = MealsRouter.swift; sourceTree = "<group>"; };
		34B3651E29F9BBA100060FD7 /* MealCategory.swift */ = {isa = PBXFileReference; lastKnownFileType = sourcecode.swift; path = MealCategory.swift; sourceTree = "<group>"; };
		34B3652029F9BD8200060FD7 /* NetworkService.swift */ = {isa = PBXFileReference; lastKnownFileType = sourcecode.swift; path = NetworkService.swift; sourceTree = "<group>"; };
		34B3652229F9BF2500060FD7 /* NetworkErrors.swift */ = {isa = PBXFileReference; lastKnownFileType = sourcecode.swift; path = NetworkErrors.swift; sourceTree = "<group>"; };
		34B3652629F9C4BD00060FD7 /* DessertCollectionViewCell.swift */ = {isa = PBXFileReference; lastKnownFileType = sourcecode.swift; path = DessertCollectionViewCell.swift; sourceTree = "<group>"; };
		34B3652929F9C51200060FD7 /* NSObject+Extension .swift */ = {isa = PBXFileReference; lastKnownFileType = sourcecode.swift; path = "NSObject+Extension .swift"; sourceTree = "<group>"; };
		34B3652D29F9C5BF00060FD7 /* UIView+Extension.swift */ = {isa = PBXFileReference; lastKnownFileType = sourcecode.swift; path = "UIView+Extension.swift"; sourceTree = "<group>"; };
		34B3652F29F9D29F00060FD7 /* DessertsViewViewModel.swift */ = {isa = PBXFileReference; lastKnownFileType = sourcecode.swift; path = DessertsViewViewModel.swift; sourceTree = "<group>"; };
		34B3653129F9D36C00060FD7 /* Meal .swift */ = {isa = PBXFileReference; lastKnownFileType = sourcecode.swift; path = "Meal .swift"; sourceTree = "<group>"; };
/* End PBXFileReference section */

/* Begin PBXFrameworksBuildPhase section */
		34B364F629F9B0F800060FD7 /* Frameworks */ = {
			isa = PBXFrameworksBuildPhase;
			buildActionMask = 2147483647;
			files = (
			);
			runOnlyForDeploymentPostprocessing = 0;
		};
/* End PBXFrameworksBuildPhase section */

/* Begin PBXGroup section */
		34A763D229F9E2E400AB3FD4 /* DessertDetail */ = {
			isa = PBXGroup;
			children = (
				34A763E529FA31C300AB3FD4 /* Cells */,
				34A763F029FAF98B00AB3FD4 /* ViewModel */,
				34A763D329F9E30200AB3FD4 /* DessertDetailViewController.swift */,
				34A763D529F9E58B00AB3FD4 /* DessertDetailView.swift */,
			);
			path = DessertDetail;
			sourceTree = "<group>";
		};
		34A763DF29FA2C2500AB3FD4 /* Reusable */ = {
			isa = PBXGroup;
			children = (
				34A763E029FA2C3600AB3FD4 /* SelfSizingTableView.swift */,
				34A763E929FACDD900AB3FD4 /* CustomLabel.swift */,
			);
			path = Reusable;
			sourceTree = "<group>";
		};
		34A763E529FA31C300AB3FD4 /* Cells */ = {
			isa = PBXGroup;
			children = (
				34A763DD29FA24C000AB3FD4 /* IngredientTableViewCell.swift */,
				34A763D729F9F95800AB3FD4 /* SegmentCollectionViewCell.swift */,
			);
			path = Cells;
			sourceTree = "<group>";
		};
		34A763E629FA31D600AB3FD4 /* Cells */ = {
			isa = PBXGroup;
			children = (
				34B3652629F9C4BD00060FD7 /* DessertCollectionViewCell.swift */,
			);
			path = Cells;
			sourceTree = "<group>";
		};
		34A763EF29FAF8C700AB3FD4 /* Managers */ = {
			isa = PBXGroup;
			children = (
				34A763ED29FAF58C00AB3FD4 /* IngredientsTableViewManager.swift */,
				34A763EB29FAE78100AB3FD4 /* DessertsCollectionViewManager.swift */,
				34A763F229FAFC2800AB3FD4 /* TypesCollectionViewManager.swift */,
			);
			path = Managers;
			sourceTree = "<group>";
		};
		34A763F029FAF98B00AB3FD4 /* ViewModel */ = {
			isa = PBXGroup;
			children = (
				34A763DB29FA049100AB3FD4 /* DessertDetailViewViewModel.swift */,
			);
			path = ViewModel;
			sourceTree = "<group>";
		};
		34A763F129FAF9A100AB3FD4 /* ViewModel */ = {
			isa = PBXGroup;
			children = (
				34B3652F29F9D29F00060FD7 /* DessertsViewViewModel.swift */,
			);
			path = ViewModel;
			sourceTree = "<group>";
		};
		34B364F029F9B0F800060FD7 = {
			isa = PBXGroup;
			children = (
				34B364FB29F9B0F800060FD7 /* FetchTestAssignment */,
				34B364FA29F9B0F800060FD7 /* Products */,
			);
			sourceTree = "<group>";
		};
		34B364FA29F9B0F800060FD7 /* Products */ = {
			isa = PBXGroup;
			children = (
				34B364F929F9B0F800060FD7 /* FetchTestAssignment.app */,
			);
			name = Products;
			sourceTree = "<group>";
		};
		34B364FB29F9B0F800060FD7 /* FetchTestAssignment */ = {
			isa = PBXGroup;
			children = (
				34B3651029F9B40200060FD7 /* Services */,
				34A763EF29FAF8C700AB3FD4 /* Managers */,
				34B3651D29F9BB9300060FD7 /* Models */,
				34B3652529F9C3A000060FD7 /* Core */,
				34A763DF29FA2C2500AB3FD4 /* Reusable */,
				34B3652829F9C4E700060FD7 /* Extensions */,
				34B3651229F9B41B00060FD7 /* Resources */,
				34B3650A29F9B0FC00060FD7 /* Info.plist */,
			);
			path = FetchTestAssignment;
			sourceTree = "<group>";
		};
		34B3651029F9B40200060FD7 /* Services */ = {
			isa = PBXGroup;
			children = (
				34B3651129F9B40C00060FD7 /* NetworkService */,
			);
			path = Services;
			sourceTree = "<group>";
		};
		34B3651129F9B40C00060FD7 /* NetworkService */ = {
			isa = PBXGroup;
			children = (
				34B3651A29F9B81800060FD7 /* Routers  */,
				34B3651529F9B4C600060FD7 /* NetworkComponents */,
				34B3652029F9BD8200060FD7 /* NetworkService.swift */,
			);
			path = NetworkService;
			sourceTree = "<group>";
		};
		34B3651229F9B41B00060FD7 /* Resources */ = {
			isa = PBXGroup;
			children = (
				34B364FE29F9B0F800060FD7 /* SceneDelegate.swift */,
				34B364FC29F9B0F800060FD7 /* AppDelegate.swift */,
				34B3650729F9B0FC00060FD7 /* LaunchScreen.storyboard */,
				34B3650529F9B0FC00060FD7 /* Assets.xcassets */,
			);
			path = Resources;
			sourceTree = "<group>";
		};
		34B3651529F9B4C600060FD7 /* NetworkComponents */ = {
			isa = PBXGroup;
			children = (
				34B3652229F9BF2500060FD7 /* NetworkErrors.swift */,
				34B3651629F9B4E300060FD7 /* HttpMethod.swift */,
				34B3651829F9B51E00060FD7 /* HttpHeader.swift */,
			);
			path = NetworkComponents;
			sourceTree = "<group>";
		};
		34B3651A29F9B81800060FD7 /* Routers  */ = {
			isa = PBXGroup;
			children = (
				34B3651329F9B47100060FD7 /* BaseRouter.swift */,
				34B3651B29F9BADE00060FD7 /* MealsRouter.swift */,
			);
			path = "Routers ";
			sourceTree = "<group>";
		};
		34B3651D29F9BB9300060FD7 /* Models */ = {
			isa = PBXGroup;
			children = (
				34B3653129F9D36C00060FD7 /* Meal .swift */,
				34B3651E29F9BBA100060FD7 /* MealCategory.swift */,
				34A763D929FA009D00AB3FD4 /* MealDetail.swift */,
			);
			path = Models;
			sourceTree = "<group>";
		};
		34B3652429F9C38600060FD7 /* Desserts */ = {
			isa = PBXGroup;
			children = (
				34A763E629FA31D600AB3FD4 /* Cells */,
				34A763F129FAF9A100AB3FD4 /* ViewModel */,
				34B3650029F9B0F800060FD7 /* DessertsViewController.swift */,
				34A763E229FA2EDE00AB3FD4 /* DessertsView.swift */,
			);
			path = Desserts;
			sourceTree = "<group>";
		};
		34B3652529F9C3A000060FD7 /* Core */ = {
			isa = PBXGroup;
			children = (
				34B3652429F9C38600060FD7 /* Desserts */,
				34A763D229F9E2E400AB3FD4 /* DessertDetail */,
			);
			path = Core;
			sourceTree = "<group>";
		};
		34B3652829F9C4E700060FD7 /* Extensions */ = {
			isa = PBXGroup;
			children = (
				34B3652929F9C51200060FD7 /* NSObject+Extension .swift */,
				34B3652D29F9C5BF00060FD7 /* UIView+Extension.swift */,
				34A763D029F9DC0D00AB3FD4 /* UIImageView+Extension.swift */,
				34A763E729FACCC900AB3FD4 /* UIImage+Extension.swift */,
			);
			path = Extensions;
			sourceTree = "<group>";
		};
/* End PBXGroup section */

/* Begin PBXNativeTarget section */
		34B364F829F9B0F800060FD7 /* FetchTestAssignment */ = {
			isa = PBXNativeTarget;
			buildConfigurationList = 34B3650D29F9B0FC00060FD7 /* Build configuration list for PBXNativeTarget "FetchTestAssignment" */;
			buildPhases = (
				34B364F529F9B0F800060FD7 /* Sources */,
				34B364F629F9B0F800060FD7 /* Frameworks */,
				34B364F729F9B0F800060FD7 /* Resources */,
			);
			buildRules = (
			);
			dependencies = (
			);
			name = FetchTestAssignment;
			productName = FetchTestAssignment;
			productReference = 34B364F929F9B0F800060FD7 /* FetchTestAssignment.app */;
			productType = "com.apple.product-type.application";
		};
/* End PBXNativeTarget section */

/* Begin PBXProject section */
		34B364F129F9B0F800060FD7 /* Project object */ = {
			isa = PBXProject;
			attributes = {
				BuildIndependentTargetsInParallel = 1;
				LastSwiftUpdateCheck = 1430;
				LastUpgradeCheck = 1430;
				TargetAttributes = {
					34B364F829F9B0F800060FD7 = {
						CreatedOnToolsVersion = 14.3;
					};
				};
			};
			buildConfigurationList = 34B364F429F9B0F800060FD7 /* Build configuration list for PBXProject "FetchTestAssignment" */;
			compatibilityVersion = "Xcode 14.0";
			developmentRegion = en;
			hasScannedForEncodings = 0;
			knownRegions = (
				en,
				Base,
			);
			mainGroup = 34B364F029F9B0F800060FD7;
			productRefGroup = 34B364FA29F9B0F800060FD7 /* Products */;
			projectDirPath = "";
			projectRoot = "";
			targets = (
				34B364F829F9B0F800060FD7 /* FetchTestAssignment */,
			);
		};
/* End PBXProject section */

/* Begin PBXResourcesBuildPhase section */
		34B364F729F9B0F800060FD7 /* Resources */ = {
			isa = PBXResourcesBuildPhase;
			buildActionMask = 2147483647;
			files = (
				34B3650929F9B0FC00060FD7 /* LaunchScreen.storyboard in Resources */,
				34B3650629F9B0FC00060FD7 /* Assets.xcassets in Resources */,
			);
			runOnlyForDeploymentPostprocessing = 0;
		};
/* End PBXResourcesBuildPhase section */

/* Begin PBXSourcesBuildPhase section */
		34B364F529F9B0F800060FD7 /* Sources */ = {
			isa = PBXSourcesBuildPhase;
			buildActionMask = 2147483647;
			files = (
				34B3650129F9B0F800060FD7 /* DessertsViewController.swift in Sources */,
				34B3652E29F9C5BF00060FD7 /* UIView+Extension.swift in Sources */,
				34A763EE29FAF58C00AB3FD4 /* IngredientsTableViewManager.swift in Sources */,
				34B364FD29F9B0F800060FD7 /* AppDelegate.swift in Sources */,
				34B3651F29F9BBA100060FD7 /* MealCategory.swift in Sources */,
				34B3653029F9D29F00060FD7 /* DessertsViewViewModel.swift in Sources */,
				34A763E329FA2EDE00AB3FD4 /* DessertsView.swift in Sources */,
				34A763D429F9E30200AB3FD4 /* DessertDetailViewController.swift in Sources */,
				34A763D829F9F95800AB3FD4 /* SegmentCollectionViewCell.swift in Sources */,
				34A763E129FA2C3600AB3FD4 /* SelfSizingTableView.swift in Sources */,
				34A763EA29FACDD900AB3FD4 /* CustomLabel.swift in Sources */,
				34A763EC29FAE78100AB3FD4 /* DessertsCollectionViewManager.swift in Sources */,
				34B3651929F9B51E00060FD7 /* HttpHeader.swift in Sources */,
				34B3652A29F9C51200060FD7 /* NSObject+Extension .swift in Sources */,
				34A763F329FAFC2800AB3FD4 /* TypesCollectionViewManager.swift in Sources */,
				34A763D629F9E58B00AB3FD4 /* DessertDetailView.swift in Sources */,
				34A763DE29FA24C000AB3FD4 /* IngredientTableViewCell.swift in Sources */,
				34B3653229F9D36C00060FD7 /* Meal .swift in Sources */,
				34B3652129F9BD8200060FD7 /* NetworkService.swift in Sources */,
				34B3651C29F9BADE00060FD7 /* MealsRouter.swift in Sources */,
				34B3651729F9B4E300060FD7 /* HttpMethod.swift in Sources */,
				34A763E829FACCC900AB3FD4 /* UIImage+Extension.swift in Sources */,
				34A763D129F9DC0D00AB3FD4 /* UIImageView+Extension.swift in Sources */,
				34B3652329F9BF2500060FD7 /* NetworkErrors.swift in Sources */,
				34B364FF29F9B0F800060FD7 /* SceneDelegate.swift in Sources */,
				34A763DA29FA009D00AB3FD4 /* MealDetail.swift in Sources */,
				34B3651429F9B47100060FD7 /* BaseRouter.swift in Sources */,
				34A763DC29FA049100AB3FD4 /* DessertDetailViewViewModel.swift in Sources */,
				34B3652729F9C4BD00060FD7 /* DessertCollectionViewCell.swift in Sources */,
			);
			runOnlyForDeploymentPostprocessing = 0;
		};
/* End PBXSourcesBuildPhase section */

/* Begin PBXVariantGroup section */
		34B3650729F9B0FC00060FD7 /* LaunchScreen.storyboard */ = {
			isa = PBXVariantGroup;
			children = (
				34B3650829F9B0FC00060FD7 /* Base */,
			);
			name = LaunchScreen.storyboard;
			sourceTree = "<group>";
		};
/* End PBXVariantGroup section */

/* Begin XCBuildConfiguration section */
		34B3650B29F9B0FC00060FD7 /* Debug */ = {
			isa = XCBuildConfiguration;
			buildSettings = {
				ALWAYS_SEARCH_USER_PATHS = NO;
				CLANG_ANALYZER_NONNULL = YES;
				CLANG_ANALYZER_NUMBER_OBJECT_CONVERSION = YES_AGGRESSIVE;
				CLANG_CXX_LANGUAGE_STANDARD = "gnu++20";
				CLANG_ENABLE_MODULES = YES;
				CLANG_ENABLE_OBJC_ARC = YES;
				CLANG_ENABLE_OBJC_WEAK = YES;
				CLANG_WARN_BLOCK_CAPTURE_AUTORELEASING = YES;
				CLANG_WARN_BOOL_CONVERSION = YES;
				CLANG_WARN_COMMA = YES;
				CLANG_WARN_CONSTANT_CONVERSION = YES;
				CLANG_WARN_DEPRECATED_OBJC_IMPLEMENTATIONS = YES;
				CLANG_WARN_DIRECT_OBJC_ISA_USAGE = YES_ERROR;
				CLANG_WARN_DOCUMENTATION_COMMENTS = YES;
				CLANG_WARN_EMPTY_BODY = YES;
				CLANG_WARN_ENUM_CONVERSION = YES;
				CLANG_WARN_INFINITE_RECURSION = YES;
				CLANG_WARN_INT_CONVERSION = YES;
				CLANG_WARN_NON_LITERAL_NULL_CONVERSION = YES;
				CLANG_WARN_OBJC_IMPLICIT_RETAIN_SELF = YES;
				CLANG_WARN_OBJC_LITERAL_CONVERSION = YES;
				CLANG_WARN_OBJC_ROOT_CLASS = YES_ERROR;
				CLANG_WARN_QUOTED_INCLUDE_IN_FRAMEWORK_HEADER = YES;
				CLANG_WARN_RANGE_LOOP_ANALYSIS = YES;
				CLANG_WARN_STRICT_PROTOTYPES = YES;
				CLANG_WARN_SUSPICIOUS_MOVE = YES;
				CLANG_WARN_UNGUARDED_AVAILABILITY = YES_AGGRESSIVE;
				CLANG_WARN_UNREACHABLE_CODE = YES;
				CLANG_WARN__DUPLICATE_METHOD_MATCH = YES;
				COPY_PHASE_STRIP = NO;
				DEBUG_INFORMATION_FORMAT = dwarf;
				ENABLE_STRICT_OBJC_MSGSEND = YES;
				ENABLE_TESTABILITY = YES;
				GCC_C_LANGUAGE_STANDARD = gnu11;
				GCC_DYNAMIC_NO_PIC = NO;
				GCC_NO_COMMON_BLOCKS = YES;
				GCC_OPTIMIZATION_LEVEL = 0;
				GCC_PREPROCESSOR_DEFINITIONS = (
					"DEBUG=1",
					"$(inherited)",
				);
				GCC_WARN_64_TO_32_BIT_CONVERSION = YES;
				GCC_WARN_ABOUT_RETURN_TYPE = YES_ERROR;
				GCC_WARN_UNDECLARED_SELECTOR = YES;
				GCC_WARN_UNINITIALIZED_AUTOS = YES_AGGRESSIVE;
				GCC_WARN_UNUSED_FUNCTION = YES;
				GCC_WARN_UNUSED_VARIABLE = YES;
				IPHONEOS_DEPLOYMENT_TARGET = 16.4;
				MTL_ENABLE_DEBUG_INFO = INCLUDE_SOURCE;
				MTL_FAST_MATH = YES;
				ONLY_ACTIVE_ARCH = YES;
				SDKROOT = iphoneos;
				SWIFT_ACTIVE_COMPILATION_CONDITIONS = DEBUG;
				SWIFT_OPTIMIZATION_LEVEL = "-Onone";
			};
			name = Debug;
		};
		34B3650C29F9B0FC00060FD7 /* Release */ = {
			isa = XCBuildConfiguration;
			buildSettings = {
				ALWAYS_SEARCH_USER_PATHS = NO;
				CLANG_ANALYZER_NONNULL = YES;
				CLANG_ANALYZER_NUMBER_OBJECT_CONVERSION = YES_AGGRESSIVE;
				CLANG_CXX_LANGUAGE_STANDARD = "gnu++20";
				CLANG_ENABLE_MODULES = YES;
				CLANG_ENABLE_OBJC_ARC = YES;
				CLANG_ENABLE_OBJC_WEAK = YES;
				CLANG_WARN_BLOCK_CAPTURE_AUTORELEASING = YES;
				CLANG_WARN_BOOL_CONVERSION = YES;
				CLANG_WARN_COMMA = YES;
				CLANG_WARN_CONSTANT_CONVERSION = YES;
				CLANG_WARN_DEPRECATED_OBJC_IMPLEMENTATIONS = YES;
				CLANG_WARN_DIRECT_OBJC_ISA_USAGE = YES_ERROR;
				CLANG_WARN_DOCUMENTATION_COMMENTS = YES;
				CLANG_WARN_EMPTY_BODY = YES;
				CLANG_WARN_ENUM_CONVERSION = YES;
				CLANG_WARN_INFINITE_RECURSION = YES;
				CLANG_WARN_INT_CONVERSION = YES;
				CLANG_WARN_NON_LITERAL_NULL_CONVERSION = YES;
				CLANG_WARN_OBJC_IMPLICIT_RETAIN_SELF = YES;
				CLANG_WARN_OBJC_LITERAL_CONVERSION = YES;
				CLANG_WARN_OBJC_ROOT_CLASS = YES_ERROR;
				CLANG_WARN_QUOTED_INCLUDE_IN_FRAMEWORK_HEADER = YES;
				CLANG_WARN_RANGE_LOOP_ANALYSIS = YES;
				CLANG_WARN_STRICT_PROTOTYPES = YES;
				CLANG_WARN_SUSPICIOUS_MOVE = YES;
				CLANG_WARN_UNGUARDED_AVAILABILITY = YES_AGGRESSIVE;
				CLANG_WARN_UNREACHABLE_CODE = YES;
				CLANG_WARN__DUPLICATE_METHOD_MATCH = YES;
				COPY_PHASE_STRIP = NO;
				DEBUG_INFORMATION_FORMAT = "dwarf-with-dsym";
				ENABLE_NS_ASSERTIONS = NO;
				ENABLE_STRICT_OBJC_MSGSEND = YES;
				GCC_C_LANGUAGE_STANDARD = gnu11;
				GCC_NO_COMMON_BLOCKS = YES;
				GCC_WARN_64_TO_32_BIT_CONVERSION = YES;
				GCC_WARN_ABOUT_RETURN_TYPE = YES_ERROR;
				GCC_WARN_UNDECLARED_SELECTOR = YES;
				GCC_WARN_UNINITIALIZED_AUTOS = YES_AGGRESSIVE;
				GCC_WARN_UNUSED_FUNCTION = YES;
				GCC_WARN_UNUSED_VARIABLE = YES;
				IPHONEOS_DEPLOYMENT_TARGET = 16.4;
				MTL_ENABLE_DEBUG_INFO = NO;
				MTL_FAST_MATH = YES;
				SDKROOT = iphoneos;
				SWIFT_COMPILATION_MODE = wholemodule;
				SWIFT_OPTIMIZATION_LEVEL = "-O";
				VALIDATE_PRODUCT = YES;
			};
			name = Release;
		};
		34B3650E29F9B0FC00060FD7 /* Debug */ = {
			isa = XCBuildConfiguration;
			buildSettings = {
				ASSETCATALOG_COMPILER_APPICON_NAME = AppIcon;
				ASSETCATALOG_COMPILER_GLOBAL_ACCENT_COLOR_NAME = AccentColor;
				CODE_SIGN_STYLE = Automatic;
				CURRENT_PROJECT_VERSION = 1;
				DEVELOPMENT_TEAM = 8244FLRS75;
				GENERATE_INFOPLIST_FILE = YES;
				INFOPLIST_FILE = FetchTestAssignment/Info.plist;
				INFOPLIST_KEY_UIApplicationSupportsIndirectInputEvents = YES;
				INFOPLIST_KEY_UILaunchStoryboardName = LaunchScreen;
				INFOPLIST_KEY_UISupportedInterfaceOrientations_iPad = "UIInterfaceOrientationPortrait UIInterfaceOrientationPortraitUpsideDown UIInterfaceOrientationLandscapeLeft UIInterfaceOrientationLandscapeRight";
				INFOPLIST_KEY_UISupportedInterfaceOrientations_iPhone = "UIInterfaceOrientationPortrait UIInterfaceOrientationLandscapeLeft UIInterfaceOrientationLandscapeRight";
				IPHONEOS_DEPLOYMENT_TARGET = 13.0;
				LD_RUNPATH_SEARCH_PATHS = (
					"$(inherited)",
					"@executable_path/Frameworks",
				);
				MARKETING_VERSION = 1.0;
				PRODUCT_BUNDLE_IDENTIFIER = come.aselZhumalieva.FetchTestAssignment;
				PRODUCT_NAME = "$(TARGET_NAME)";
				SWIFT_EMIT_LOC_STRINGS = YES;
				SWIFT_VERSION = 5.0;
				TARGETED_DEVICE_FAMILY = "1,2";
			};
			name = Debug;
		};
		34B3650F29F9B0FC00060FD7 /* Release */ = {
			isa = XCBuildConfiguration;
			buildSettings = {
				ASSETCATALOG_COMPILER_APPICON_NAME = AppIcon;
				ASSETCATALOG_COMPILER_GLOBAL_ACCENT_COLOR_NAME = AccentColor;
				CODE_SIGN_STYLE = Automatic;
				CURRENT_PROJECT_VERSION = 1;
				DEVELOPMENT_TEAM = 8244FLRS75;
				GENERATE_INFOPLIST_FILE = YES;
				INFOPLIST_FILE = FetchTestAssignment/Info.plist;
				INFOPLIST_KEY_UIApplicationSupportsIndirectInputEvents = YES;
				INFOPLIST_KEY_UILaunchStoryboardName = LaunchScreen;
				INFOPLIST_KEY_UISupportedInterfaceOrientations_iPad = "UIInterfaceOrientationPortrait UIInterfaceOrientationPortraitUpsideDown UIInterfaceOrientationLandscapeLeft UIInterfaceOrientationLandscapeRight";
				INFOPLIST_KEY_UISupportedInterfaceOrientations_iPhone = "UIInterfaceOrientationPortrait UIInterfaceOrientationLandscapeLeft UIInterfaceOrientationLandscapeRight";
				IPHONEOS_DEPLOYMENT_TARGET = 13.0;
				LD_RUNPATH_SEARCH_PATHS = (
					"$(inherited)",
					"@executable_path/Frameworks",
				);
				MARKETING_VERSION = 1.0;
				PRODUCT_BUNDLE_IDENTIFIER = come.aselZhumalieva.FetchTestAssignment;
				PRODUCT_NAME = "$(TARGET_NAME)";
				SWIFT_EMIT_LOC_STRINGS = YES;
				SWIFT_VERSION = 5.0;
				TARGETED_DEVICE_FAMILY = "1,2";
			};
			name = Release;
		};
/* End XCBuildConfiguration section */

/* Begin XCConfigurationList section */
		34B364F429F9B0F800060FD7 /* Build configuration list for PBXProject "FetchTestAssignment" */ = {
			isa = XCConfigurationList;
			buildConfigurations = (
				34B3650B29F9B0FC00060FD7 /* Debug */,
				34B3650C29F9B0FC00060FD7 /* Release */,
			);
			defaultConfigurationIsVisible = 0;
			defaultConfigurationName = Release;
		};
		34B3650D29F9B0FC00060FD7 /* Build configuration list for PBXNativeTarget "FetchTestAssignment" */ = {
			isa = XCConfigurationList;
			buildConfigurations = (
				34B3650E29F9B0FC00060FD7 /* Debug */,
				34B3650F29F9B0FC00060FD7 /* Release */,
			);
			defaultConfigurationIsVisible = 0;
			defaultConfigurationName = Release;
		};
/* End XCConfigurationList section */
	};
	rootObject = 34B364F129F9B0F800060FD7 /* Project object */;
}
